
Microsoft Visual Studio Solution File, Format Version 12.00
# Visual Studio Version 16
VisualStudioVersion = 16.0.30804.86
MinimumVisualStudioVersion = 10.0.40219.1
Project("{888888A0-9F3D-457C-B088-3A5042F75D52}") = "Sudoku", "Sudoku.pyproj", "{AEC6878B-AADA-4902-BB78-471A3779D3AC}"
EndProject
Global
	GlobalSection(SolutionConfigurationPlatforms) = preSolution
		Debug|Any CPU = Debug|Any CPU
		Release|Any CPU = Release|Any CPU
	EndGlobalSection
	GlobalSection(ProjectConfigurationPlatforms) = postSolution
		{AEC6878B-AADA-4902-BB78-471A3779D3AC}.Debug|Any CPU.ActiveCfg = Debug|Any CPU
		{AEC6878B-AADA-4902-BB78-471A3779D3AC}.Release|Any CPU.ActiveCfg = Release|Any CPU
	EndGlobalSection
	GlobalSection(SolutionProperties) = preSolution
		HideSolutionNode = FALSE
	EndGlobalSection
	GlobalSection(ExtensibilityGlobals) = postSolution
		SolutionGuid = {3371A93B-781A-489A-8CDB-796F0A686A76}
	EndGlobalSection
EndGlobal
